{
  "name": "as-warduino-template",
  "version": "0.1.0",
  "lockfileVersion": 3,
  "requires": true,
  "packages": {
    "": {
      "name": "as-warduino-template",
      "version": "0.1.0",
      "license": "ISC",
      "devDependencies": {
        "as-warduino": "file:./as-warduino-0.1.1.tgz",
        "assemblyscript": "^0.27.5",
        "typescript": "^5.1.6"
      }
    },
    "node_modules/as-warduino": {
      "version": "0.1.1",
      "resolved": "file:as-warduino-0.1.1.tgz",
      "integrity": "sha512-o4jQ9MwaOGs9I4N5KqKC0i1WGi+FrmhRQCiBVIAXK3zQRimgesq0GuqwASEiTdb95jINJQBC7vpd+w68Qf5K0g==",
      "dev": true,
      "license": "MPL-2.0"
    },
    "node_modules/assemblyscript": {
      "version": "0.27.5",
      "resolved": "https://registry.npmjs.org/assemblyscript/-/assemblyscript-0.27.5.tgz",
      "integrity": "sha512-8CPn+SPMrvvDEa6CQylYOd+Vu5ubyrVhWw1Iy9EXyTan7+8jB5R5trspf3jsMUrh3urVRA0YR9c3U84biny1QA==",
      "dev": true,
      "dependencies": {
        "binaryen": "112.0.0-nightly.20230411",
        "long": "^5.2.1"
      },
      "bin": {
        "asc": "bin/asc.js",
        "asinit": "bin/asinit.js"
      },
      "engines": {
        "node": ">=16",
        "npm": ">=7"
      },
      "funding": {
        "type": "opencollective",
        "url": "https://opencollective.com/assemblyscript"
      }
    },
    "node_modules/binaryen": {
      "version": "112.0.0-nightly.20230411",
      "resolved": "https://registry.npmjs.org/binaryen/-/binaryen-112.0.0-nightly.20230411.tgz",
      "integrity": "sha512-4V9r9x9fjAVFZdR2yvBFc3BEJJIBYvd2X8X8k0zAuJsao2gl9wNHDmpQ30QsLo6hgkRfRImkCbCjhXW3RDOYXQ==",
      "dev": true,
      "bin": {
        "wasm-opt": "bin/wasm-opt",
        "wasm2js": "bin/wasm2js"
      }
    },
    "node_modules/long": {
      "version": "5.2.3",
      "resolved": "https://registry.npmjs.org/long/-/long-5.2.3.tgz",
      "integrity": "sha512-lcHwpNoggQTObv5apGNCTdJrO69eHOZMi4BNC+rTLER8iHAqGrUVeLh/irVIM7zTw2bOXA8T6uNPeujwOLg/2Q==",
      "dev": true
    },
    "node_modules/typescript": {
      "version": "5.1.6",
      "resolved": "https://registry.npmjs.org/typescript/-/typescript-5.1.6.tgz",
      "integrity": "sha512-zaWCozRZ6DLEWAWFrVDz1H6FVXzUSfTy5FUMWsQlU8Ym5JP9eO4xkTIROFCQvhQf61z6O/G6ugw3SgAnvvm+HA==",
      "dev": true,
      "bin": {
        "tsc": "bin/tsc",
        "tsserver": "bin/tsserver"
      },
      "engines": {
        "node": ">=14.17"
      }
    }
  }
}
